
Microsoft Visual Studio Solution File, Format Version 12.00
# Visual Studio 15
VisualStudioVersion = 15.0.27004.2006
MinimumVisualStudioVersion = 10.0.40219.1
Project("{FAE04EC0-301F-11D3-BF4B-00C04F79EFBC}") = "UI", "Supermercado\UI.csproj", "{49903F8F-6A0F-4E7E-8089-5C81C64FC96F}"
EndProject
Project("{FAE04EC0-301F-11D3-BF4B-00C04F79EFBC}") = "BLL", "BLL\BLL.csproj", "{6F082DEE-FDC2-453F-9C49-34060804948A}"
EndProject
Global
	GlobalSection(SolutionConfigurationPlatforms) = preSolution
		Debug|Any CPU = Debug|Any CPU
		Release|Any CPU = Release|Any CPU
	EndGlobalSection
	GlobalSection(ProjectConfigurationPlatforms) = postSolution
		{49903F8F-6A0F-4E7E-8089-5C81C64FC96F}.Debug|Any CPU.ActiveCfg = Debug|Any CPU
		{49903F8F-6A0F-4E7E-8089-5C81C64FC96F}.Debug|Any CPU.Build.0 = Debug|Any CPU
		{49903F8F-6A0F-4E7E-8089-5C81C64FC96F}.Release|Any CPU.ActiveCfg = Release|Any CPU
		{49903F8F-6A0F-4E7E-8089-5C81C64FC96F}.Release|Any CPU.Build.0 = Release|Any CPU
		{6F082DEE-FDC2-453F-9C49-34060804948A}.Debug|Any CPU.ActiveCfg = Debug|Any CPU
		{6F082DEE-FDC2-453F-9C49-34060804948A}.Debug|Any CPU.Build.0 = Debug|Any CPU
		{6F082DEE-FDC2-453F-9C49-34060804948A}.Release|Any CPU.ActiveCfg = Release|Any CPU
		{6F082DEE-FDC2-453F-9C49-34060804948A}.Release|Any CPU.Build.0 = Release|Any CPU
	EndGlobalSection
	GlobalSection(SolutionProperties) = preSolution
		HideSolutionNode = FALSE
	EndGlobalSection
	GlobalSection(ExtensibilityGlobals) = postSolution
		SolutionGuid = {05DBE8AE-2D05-40B7-8FB7-E9646EB0D2F4}
	EndGlobalSection
EndGlobal
